
Microsoft Visual Studio Solution File, Format Version 12.00
# Visual Studio Version 17
VisualStudioVersion = 17.6.33717.318
MinimumVisualStudioVersion = 10.0.40219.1
Project("{2150E333-8FDC-42A3-9474-1A3956D46DE8}") = "02.Fundamentos da Orientação a Objetos", "02.Fundamentos da Orientação a Objetos", "{D46EE2B6-DE8A-4D6E-A8E9-4814960C89F2}"
EndProject
Project("{2150E333-8FDC-42A3-9474-1A3956D46DE8}") = "01.Fundamentos do C#", "01.Fundamentos do C#", "{95D2006E-D6F9-4D08-A967-724FB599FE96}"
EndProject
Project("{9A19103F-16F7-4668-BE54-9A1E7A4F7556}") = "A_MOD6_Calculator", "01.Fundamentos do C#\Modulo 06 - Calculator\A_MOD6_Calculator.csproj", "{67343C2D-821A-4A8A-AD38-A109B5DBDDD0}"
EndProject
Project("{9A19103F-16F7-4668-BE54-9A1E7A4F7556}") = "C_MOD8_TextEditor", "01.Fundamentos do C#\Modulo 07 - TextEditor\C_MOD8_TextEditor.csproj", "{96586D7D-65B5-45CB-A45D-07D3022F7B31}"
EndProject
Project("{9A19103F-16F7-4668-BE54-9A1E7A4F7556}") = "B_MOD7_Stopwatch", "01.Fundamentos do C#\Modulo 08 - Stopwatch\B_MOD7_Stopwatch.csproj", "{816FEEA2-0273-49EC-AA32-C6AB23A86A72}"
EndProject
Project("{9A19103F-16F7-4668-BE54-9A1E7A4F7556}") = "D_MOD9_Strings", "01.Fundamentos do C#\Modulo 09 - Strings\D_MOD9_Strings.csproj", "{51F78EFA-99F6-454C-A223-28A544E753FB}"
EndProject
Project("{9A19103F-16F7-4668-BE54-9A1E7A4F7556}") = "E_MOD10_EditorHtml", "01.Fundamentos do C#\Modulo 10 - EditorHtml\E_MOD10_EditorHtml.csproj", "{1E33E1DB-8B7B-40A9-88D1-D23C458E0CBA}"
EndProject
Project("{9A19103F-16F7-4668-BE54-9A1E7A4F7556}") = "F_MOD11_Datas", "01.Fundamentos do C#\Modulo 11 - Datas\F_MOD11_Datas.csproj", "{8D79AA26-B355-4B5C-A88B-41983CE8E0B7}"
EndProject
Project("{9A19103F-16F7-4668-BE54-9A1E7A4F7556}") = "G_MOD12_Moedas", "01.Fundamentos do C#\Modulo 12 - Moedas\Numbers\G_MOD12_Moedas.csproj", "{FC81D21D-1BB1-4852-AEAC-32E8517BB04D}"
EndProject
Project("{9A19103F-16F7-4668-BE54-9A1E7A4F7556}") = "H_MOD13_Arrays", "01.Fundamentos do C#\Modulo 13 - Arrays\H_MOD13_Arrays.csproj", "{B6B82D98-D1F9-432F-BA35-C2486C28113D}"
EndProject
Project("{9A19103F-16F7-4668-BE54-9A1E7A4F7556}") = "I_MOD14_Exceptions", "01.Fundamentos do C#\Modulo 14 - Exceptions\I_MOD14_Exceptions.csproj", "{3ABAFEE1-6C79-44B1-BD04-9D7AA5DECBF3}"
EndProject
Project("{9A19103F-16F7-4668-BE54-9A1E7A4F7556}") = "Fundamentos POO", "02.Fundamentos da Orientação a Objetos\Fundamentos POO.csproj", "{B238FA38-3FD6-4DB2-B8BA-512DAED321A3}"
EndProject
Project("{2150E333-8FDC-42A3-9474-1A3956D46DE8}") = "03.Fundamentos do Sql Server", "03.Fundamentos do Sql Server", "{DA13F8D8-E0A5-4BFA-BF73-6A8B61D75DFA}"
	ProjectSection(SolutionItems) = preProject
		03.Fundamentos do Sql Server\001.sql = 03.Fundamentos do Sql Server\001.sql
		03.Fundamentos do Sql Server\balta-database.sql = 03.Fundamentos do Sql Server\balta-database.sql
		03.Fundamentos do Sql Server\create_database_cursos.sql = 03.Fundamentos do Sql Server\create_database_cursos.sql
		03.Fundamentos do Sql Server\drop_database.sql = 03.Fundamentos do Sql Server\drop_database.sql
		03.Fundamentos do Sql Server\insere_alunos_cursos.sql = 03.Fundamentos do Sql Server\insere_alunos_cursos.sql
		03.Fundamentos do Sql Server\inserts.sql = 03.Fundamentos do Sql Server\inserts.sql
		03.Fundamentos do Sql Server\insert_into_studen_courses.sql = 03.Fundamentos do Sql Server\insert_into_studen_courses.sql
		03.Fundamentos do Sql Server\select.sql = 03.Fundamentos do Sql Server\select.sql
		03.Fundamentos do Sql Server\spDeleteStudent.sql = 03.Fundamentos do Sql Server\spDeleteStudent.sql
		03.Fundamentos do Sql Server\spListCourse.sql = 03.Fundamentos do Sql Server\spListCourse.sql
		03.Fundamentos do Sql Server\spStudentProgress.sql = 03.Fundamentos do Sql Server\spStudentProgress.sql
		03.Fundamentos do Sql Server\vwCareers.sql = 03.Fundamentos do Sql Server\vwCareers.sql
		03.Fundamentos do Sql Server\vwCourses.sql = 03.Fundamentos do Sql Server\vwCourses.sql
	EndProjectSection
EndProject
Project("{2150E333-8FDC-42A3-9474-1A3956D46DE8}") = "04.Acesso a Dados .NET Dapper SQL", "04.Acesso a Dados .NET Dapper SQL", "{BE2F07EA-0AE7-4A5D-84A3-8336C67A47F3}"
EndProject
Project("{2150E333-8FDC-42A3-9474-1A3956D46DE8}") = "04Mod1_adonet", "04Mod1_adonet", "{C3C87840-9F0F-46AD-9F7B-7874C871715F}"
EndProject
Project("{9A19103F-16F7-4668-BE54-9A1E7A4F7556}") = "balta_adonet", "04.Acesso à Dados Com .NET, C#, Dapper e SQL Server\04Mod1\balta_adonet.csproj", "{F04B9553-4BA3-41C0-9D6F-AC007D191F6D}"
EndProject
Project("{2150E333-8FDC-42A3-9474-1A3956D46DE8}") = "04Mod2_dapper", "04Mod2_dapper", "{E00439C6-F590-4E07-834E-EF35D8C9CF17}"
EndProject
Project("{9A19103F-16F7-4668-BE54-9A1E7A4F7556}") = "balta_dapper", "04.Acesso à Dados Com .NET, C#, Dapper e SQL Server\04Mod2\balta_dapper.csproj", "{EF3410E7-57DB-4687-AB2B-12E416238755}"
EndProject
Project("{2150E333-8FDC-42A3-9474-1A3956D46DE8}") = "04Mod3_dapper", "04Mod3_dapper", "{A8CA53A7-1E59-47C1-8D65-6A5EFE13CD6D}"
EndProject
Project("{9A19103F-16F7-4668-BE54-9A1E7A4F7556}") = "balta_dapper2", "04.Acesso à Dados Com .NET, C#, Dapper e SQL Server\04Mod3\balta_dapper2.csproj", "{023A7D61-30B7-43B7-BBA2-0151BA374BE2}"
EndProject
Project("{2150E333-8FDC-42A3-9474-1A3956D46DE8}") = "04Mod4_dapper", "04Mod4_dapper", "{3C889A1C-F4C9-4C87-AAC4-CDBC1F144EBA}"
EndProject
Project("{9A19103F-16F7-4668-BE54-9A1E7A4F7556}") = "balta_dapper3_crud", "04.Acesso à Dados Com .NET, C#, Dapper e SQL Server\04Mod4\balta_dapper3_crud.csproj", "{AE82E8CC-B981-4570-B586-DCF0DDCEA2DE}"
EndProject
Project("{2150E333-8FDC-42A3-9474-1A3956D46DE8}") = "scripts", "scripts", "{4FFF777A-EBB2-4A57-8E21-826C9C4CBD83}"
	ProjectSection(SolutionItems) = preProject
		04.Acesso à Dados Com .NET, C#, Dapper e SQL Server\Scripts\selec_many_to_many.sql = 04.Acesso à Dados Com .NET, C#, Dapper e SQL Server\Scripts\selec_many_to_many.sql
		04.Acesso à Dados Com .NET, C#, Dapper e SQL Server\Scripts\spDeleteStudent.sql = 04.Acesso à Dados Com .NET, C#, Dapper e SQL Server\Scripts\spDeleteStudent.sql
		04.Acesso à Dados Com .NET, C#, Dapper e SQL Server\Scripts\spGetCoursesByCategory.sql = 04.Acesso à Dados Com .NET, C#, Dapper e SQL Server\Scripts\spGetCoursesByCategory.sql
		04.Acesso à Dados Com .NET, C#, Dapper e SQL Server\Scripts\vwCourses.sql = 04.Acesso à Dados Com .NET, C#, Dapper e SQL Server\Scripts\vwCourses.sql
	EndProjectSection
EndProject
Project("{2150E333-8FDC-42A3-9474-1A3956D46DE8}") = "04Mod5_dapper", "04Mod5_dapper", "{17608676-04EF-458A-ADD3-0B0CA1E03F5D}"
EndProject
Project("{9A19103F-16F7-4668-BE54-9A1E7A4F7556}") = "balta_dapper4", "04.Acesso à Dados Com .NET, C#, Dapper e SQL Server\04Mod5\balta_dapper4.csproj", "{EBFD3406-1E41-4D65-9F31-BF49516FE2B1}"
EndProject
Project("{2150E333-8FDC-42A3-9474-1A3956D46DE8}") = "05.Fundamentos do Entity Framework", "05.Fundamentos do Entity Framework", "{03132031-4EC9-47FE-8C79-E615B3B37817}"
EndProject
Project("{2150E333-8FDC-42A3-9474-1A3956D46DE8}") = "05Modulo01", "05Modulo01", "{FD8F6B71-C5A3-4360-905C-52730D2AFED7}"
EndProject
Project("{2150E333-8FDC-42A3-9474-1A3956D46DE8}") = "scripts", "scripts", "{2DBA098A-22F5-4AE1-9CDD-0E7B37971093}"
	ProjectSection(SolutionItems) = preProject
		05.Fundamentos do Entity Framework\Modulo 1\Scripts\blog.sql.txt = 05.Fundamentos do Entity Framework\Modulo 1\Scripts\blog.sql.txt
	EndProjectSection
EndProject
Project("{9A19103F-16F7-4668-BE54-9A1E7A4F7556}") = "balta_EntityFramework01", "05.Fundamentos do Entity Framework\Modulo 1\Blog\balta_EntityFramework01.csproj", "{9CE2B69F-D2DB-40B9-8D7E-D8F1BC8FA11E}"
EndProject
Project("{2150E333-8FDC-42A3-9474-1A3956D46DE8}") = "05Modulo02", "05Modulo02", "{CD000DB6-7C4A-4B5C-A175-5F6AA9940B04}"
EndProject
Project("{9A19103F-16F7-4668-BE54-9A1E7A4F7556}") = "balta_EntityFramework02", "05.Fundamentos do Entity Framework\Modulo 2\balta_EntityFramework02.csproj", "{8C4F5A28-4B4F-48BA-ABFC-248FFAA46656}"
EndProject
Project("{2150E333-8FDC-42A3-9474-1A3956D46DE8}") = "05Modulo03", "05Modulo03", "{9F6B2929-E31C-475F-A042-5E29F1A55254}"
EndProject
Project("{2150E333-8FDC-42A3-9474-1A3956D46DE8}") = "06.Fundamentos do ASP.NET 6", "06.Fundamentos do ASP.NET 6", "{F35BC1DF-4496-48EE-BFDF-E0B7B5016BEF}"
EndProject
Project("{9A19103F-16F7-4668-BE54-9A1E7A4F7556}") = "balta_net6_mod1", "06.Fundamentos do ASP.NET 6\Modulo 1\MinhaApi\balta_net6_mod1.csproj", "{2FADA0CE-56EF-464F-B9F4-27413E63B1E3}"
EndProject
Project("{9A19103F-16F7-4668-BE54-9A1E7A4F7556}") = "balta_net6_mod2_crud_sqlite", "06.Fundamentos do ASP.NET 6\Modulo 2\Todo\balta_net6_mod2_crud_sqlite.csproj", "{25B2B00F-DFE7-4279-AC4D-1C6B370529AB}"
EndProject
Project("{9A19103F-16F7-4668-BE54-9A1E7A4F7556}") = "balta_Entity_Framework03", "05.Fundamentos do Entity Framework\Modulo 3\balta_Entity_Framework03.csproj", "{9E085DAB-756D-4B4F-91C9-8756904CC05F}"
EndProject
Project("{9A19103F-16F7-4668-BE54-9A1E7A4F7556}") = "balta_net6_mod3_crud_entityframework", "06.Fundamentos do ASP.NET 6\Modulo 3\Blog\balta_net6_mod3_crud_entityframework.csproj", "{B59296FB-AFEA-431C-B452-70BBA0322B31}"
EndProject
Project("{9A19103F-16F7-4668-BE54-9A1E7A4F7556}") = "balta_net6_mod4_crud_entityframework_jwt", "06.Fundamentos do ASP.NET 6\Modulo 4\Blog\balta_net6_mod4_crud_entityframework_jwt.csproj", "{326F32C9-6728-4E6D-B85B-5DF4A62A642B}"
EndProject
Project("{9A19103F-16F7-4668-BE54-9A1E7A4F7556}") = "balta_net6_mod5_sendmail_uploadimage", "06.Fundamentos do ASP.NET 6\Modulo 5\Blog\balta_net6_mod5_sendmail_uploadimage.csproj", "{3EF5550E-F8D5-42A0-919F-3A900A80D40C}"
EndProject
Project("{9A19103F-16F7-4668-BE54-9A1E7A4F7556}") = "balta_net6_mod6", "06.Fundamentos do ASP.NET 6\Modulo 6\Blog\balta_net6_mod6.csproj", "{CDC31633-C47F-4D32-8856-F978748205E2}"
EndProject
Project("{9A19103F-16F7-4668-BE54-9A1E7A4F7556}") = "balta_net6_mod7_net5", "06.Fundamentos do ASP.NET 6\Modulo 7\Blog\balta_net6_mod7_net5.csproj", "{5E0DE768-437C-4935-847C-6F9E6215A454}"
EndProject
Project("{9A19103F-16F7-4668-BE54-9A1E7A4F7556}") = "balta_net6_mod8_configs", "06.Fundamentos do ASP.NET 6\Modulo 8\Blog\balta_net6_mod8_configs.csproj", "{359CA0E8-5D49-42F6-A5CC-8E543FBED565}"
EndProject
Project("{2150E333-8FDC-42A3-9474-1A3956D46DE8}") = "07.Fundamentos do Git e Azure DevOps", "07.Fundamentos do Git e Azure DevOps", "{E1A91126-59FA-48D0-95C8-3502442821F8}"
EndProject
Project("{2150E333-8FDC-42A3-9474-1A3956D46DE8}") = "08.Modelando Domínios Ricos", "08.Modelando Domínios Ricos", "{54FF962B-B364-4419-A155-1925E8E7B02E}"
EndProject
Project("{9A19103F-16F7-4668-BE54-9A1E7A4F7556}") = "PaymentContext.Domain", "08.Modelando Domínios Ricos\PaymentContext.Domain\PaymentContext.Domain.csproj", "{56C33007-4DC3-4751-A07D-11E49274F269}"
EndProject
Project("{9A19103F-16F7-4668-BE54-9A1E7A4F7556}") = "PaymentContext.Shared", "08.Modelando Domínios Ricos\PaymentContext.Shared\PaymentContext.Shared.csproj", "{E008B80B-480D-452F-8A54-0468769D918A}"
EndProject
Project("{9A19103F-16F7-4668-BE54-9A1E7A4F7556}") = "PaymentContext.Tests", "08.Modelando Domínios Ricos\PaymentContext.Tests\PaymentContext.Tests.csproj", "{86C68010-55D0-4107-9624-E15DB3C32021}"
EndProject
Global
	GlobalSection(SolutionConfigurationPlatforms) = preSolution
		Debug|Any CPU = Debug|Any CPU
		Release|Any CPU = Release|Any CPU
	EndGlobalSection
	GlobalSection(ProjectConfigurationPlatforms) = postSolution
		{67343C2D-821A-4A8A-AD38-A109B5DBDDD0}.Debug|Any CPU.ActiveCfg = Debug|Any CPU
		{67343C2D-821A-4A8A-AD38-A109B5DBDDD0}.Debug|Any CPU.Build.0 = Debug|Any CPU
		{67343C2D-821A-4A8A-AD38-A109B5DBDDD0}.Release|Any CPU.ActiveCfg = Release|Any CPU
		{67343C2D-821A-4A8A-AD38-A109B5DBDDD0}.Release|Any CPU.Build.0 = Release|Any CPU
		{96586D7D-65B5-45CB-A45D-07D3022F7B31}.Debug|Any CPU.ActiveCfg = Debug|Any CPU
		{96586D7D-65B5-45CB-A45D-07D3022F7B31}.Debug|Any CPU.Build.0 = Debug|Any CPU
		{96586D7D-65B5-45CB-A45D-07D3022F7B31}.Release|Any CPU.ActiveCfg = Release|Any CPU
		{96586D7D-65B5-45CB-A45D-07D3022F7B31}.Release|Any CPU.Build.0 = Release|Any CPU
		{816FEEA2-0273-49EC-AA32-C6AB23A86A72}.Debug|Any CPU.ActiveCfg = Debug|Any CPU
		{816FEEA2-0273-49EC-AA32-C6AB23A86A72}.Debug|Any CPU.Build.0 = Debug|Any CPU
		{816FEEA2-0273-49EC-AA32-C6AB23A86A72}.Release|Any CPU.ActiveCfg = Release|Any CPU
		{816FEEA2-0273-49EC-AA32-C6AB23A86A72}.Release|Any CPU.Build.0 = Release|Any CPU
		{51F78EFA-99F6-454C-A223-28A544E753FB}.Debug|Any CPU.ActiveCfg = Debug|Any CPU
		{51F78EFA-99F6-454C-A223-28A544E753FB}.Debug|Any CPU.Build.0 = Debug|Any CPU
		{51F78EFA-99F6-454C-A223-28A544E753FB}.Release|Any CPU.ActiveCfg = Release|Any CPU
		{51F78EFA-99F6-454C-A223-28A544E753FB}.Release|Any CPU.Build.0 = Release|Any CPU
		{1E33E1DB-8B7B-40A9-88D1-D23C458E0CBA}.Debug|Any CPU.ActiveCfg = Debug|Any CPU
		{1E33E1DB-8B7B-40A9-88D1-D23C458E0CBA}.Debug|Any CPU.Build.0 = Debug|Any CPU
		{1E33E1DB-8B7B-40A9-88D1-D23C458E0CBA}.Release|Any CPU.ActiveCfg = Release|Any CPU
		{1E33E1DB-8B7B-40A9-88D1-D23C458E0CBA}.Release|Any CPU.Build.0 = Release|Any CPU
		{8D79AA26-B355-4B5C-A88B-41983CE8E0B7}.Debug|Any CPU.ActiveCfg = Debug|Any CPU
		{8D79AA26-B355-4B5C-A88B-41983CE8E0B7}.Debug|Any CPU.Build.0 = Debug|Any CPU
		{8D79AA26-B355-4B5C-A88B-41983CE8E0B7}.Release|Any CPU.ActiveCfg = Release|Any CPU
		{8D79AA26-B355-4B5C-A88B-41983CE8E0B7}.Release|Any CPU.Build.0 = Release|Any CPU
		{FC81D21D-1BB1-4852-AEAC-32E8517BB04D}.Debug|Any CPU.ActiveCfg = Debug|Any CPU
		{FC81D21D-1BB1-4852-AEAC-32E8517BB04D}.Debug|Any CPU.Build.0 = Debug|Any CPU
		{FC81D21D-1BB1-4852-AEAC-32E8517BB04D}.Release|Any CPU.ActiveCfg = Release|Any CPU
		{FC81D21D-1BB1-4852-AEAC-32E8517BB04D}.Release|Any CPU.Build.0 = Release|Any CPU
		{B6B82D98-D1F9-432F-BA35-C2486C28113D}.Debug|Any CPU.ActiveCfg = Debug|Any CPU
		{B6B82D98-D1F9-432F-BA35-C2486C28113D}.Debug|Any CPU.Build.0 = Debug|Any CPU
		{B6B82D98-D1F9-432F-BA35-C2486C28113D}.Release|Any CPU.ActiveCfg = Release|Any CPU
		{B6B82D98-D1F9-432F-BA35-C2486C28113D}.Release|Any CPU.Build.0 = Release|Any CPU
		{3ABAFEE1-6C79-44B1-BD04-9D7AA5DECBF3}.Debug|Any CPU.ActiveCfg = Debug|Any CPU
		{3ABAFEE1-6C79-44B1-BD04-9D7AA5DECBF3}.Debug|Any CPU.Build.0 = Debug|Any CPU
		{3ABAFEE1-6C79-44B1-BD04-9D7AA5DECBF3}.Release|Any CPU.ActiveCfg = Release|Any CPU
		{3ABAFEE1-6C79-44B1-BD04-9D7AA5DECBF3}.Release|Any CPU.Build.0 = Release|Any CPU
		{B238FA38-3FD6-4DB2-B8BA-512DAED321A3}.Debug|Any CPU.ActiveCfg = Debug|Any CPU
		{B238FA38-3FD6-4DB2-B8BA-512DAED321A3}.Debug|Any CPU.Build.0 = Debug|Any CPU
		{B238FA38-3FD6-4DB2-B8BA-512DAED321A3}.Release|Any CPU.ActiveCfg = Release|Any CPU
		{B238FA38-3FD6-4DB2-B8BA-512DAED321A3}.Release|Any CPU.Build.0 = Release|Any CPU
		{F04B9553-4BA3-41C0-9D6F-AC007D191F6D}.Debug|Any CPU.ActiveCfg = Debug|Any CPU
		{F04B9553-4BA3-41C0-9D6F-AC007D191F6D}.Debug|Any CPU.Build.0 = Debug|Any CPU
		{F04B9553-4BA3-41C0-9D6F-AC007D191F6D}.Release|Any CPU.ActiveCfg = Release|Any CPU
		{F04B9553-4BA3-41C0-9D6F-AC007D191F6D}.Release|Any CPU.Build.0 = Release|Any CPU
		{EF3410E7-57DB-4687-AB2B-12E416238755}.Debug|Any CPU.ActiveCfg = Debug|Any CPU
		{EF3410E7-57DB-4687-AB2B-12E416238755}.Debug|Any CPU.Build.0 = Debug|Any CPU
		{EF3410E7-57DB-4687-AB2B-12E416238755}.Release|Any CPU.ActiveCfg = Release|Any CPU
		{EF3410E7-57DB-4687-AB2B-12E416238755}.Release|Any CPU.Build.0 = Release|Any CPU
		{023A7D61-30B7-43B7-BBA2-0151BA374BE2}.Debug|Any CPU.ActiveCfg = Debug|Any CPU
		{023A7D61-30B7-43B7-BBA2-0151BA374BE2}.Debug|Any CPU.Build.0 = Debug|Any CPU
		{023A7D61-30B7-43B7-BBA2-0151BA374BE2}.Release|Any CPU.ActiveCfg = Release|Any CPU
		{023A7D61-30B7-43B7-BBA2-0151BA374BE2}.Release|Any CPU.Build.0 = Release|Any CPU
		{AE82E8CC-B981-4570-B586-DCF0DDCEA2DE}.Debug|Any CPU.ActiveCfg = Debug|Any CPU
		{AE82E8CC-B981-4570-B586-DCF0DDCEA2DE}.Debug|Any CPU.Build.0 = Debug|Any CPU
		{AE82E8CC-B981-4570-B586-DCF0DDCEA2DE}.Release|Any CPU.ActiveCfg = Release|Any CPU
		{AE82E8CC-B981-4570-B586-DCF0DDCEA2DE}.Release|Any CPU.Build.0 = Release|Any CPU
		{EBFD3406-1E41-4D65-9F31-BF49516FE2B1}.Debug|Any CPU.ActiveCfg = Debug|Any CPU
		{EBFD3406-1E41-4D65-9F31-BF49516FE2B1}.Debug|Any CPU.Build.0 = Debug|Any CPU
		{EBFD3406-1E41-4D65-9F31-BF49516FE2B1}.Release|Any CPU.ActiveCfg = Release|Any CPU
		{EBFD3406-1E41-4D65-9F31-BF49516FE2B1}.Release|Any CPU.Build.0 = Release|Any CPU
		{9CE2B69F-D2DB-40B9-8D7E-D8F1BC8FA11E}.Debug|Any CPU.ActiveCfg = Debug|Any CPU
		{9CE2B69F-D2DB-40B9-8D7E-D8F1BC8FA11E}.Debug|Any CPU.Build.0 = Debug|Any CPU
		{9CE2B69F-D2DB-40B9-8D7E-D8F1BC8FA11E}.Release|Any CPU.ActiveCfg = Release|Any CPU
		{9CE2B69F-D2DB-40B9-8D7E-D8F1BC8FA11E}.Release|Any CPU.Build.0 = Release|Any CPU
		{8C4F5A28-4B4F-48BA-ABFC-248FFAA46656}.Debug|Any CPU.ActiveCfg = Debug|Any CPU
		{8C4F5A28-4B4F-48BA-ABFC-248FFAA46656}.Debug|Any CPU.Build.0 = Debug|Any CPU
		{8C4F5A28-4B4F-48BA-ABFC-248FFAA46656}.Release|Any CPU.ActiveCfg = Release|Any CPU
		{8C4F5A28-4B4F-48BA-ABFC-248FFAA46656}.Release|Any CPU.Build.0 = Release|Any CPU
		{2FADA0CE-56EF-464F-B9F4-27413E63B1E3}.Debug|Any CPU.ActiveCfg = Debug|Any CPU
		{2FADA0CE-56EF-464F-B9F4-27413E63B1E3}.Debug|Any CPU.Build.0 = Debug|Any CPU
		{2FADA0CE-56EF-464F-B9F4-27413E63B1E3}.Release|Any CPU.ActiveCfg = Release|Any CPU
		{2FADA0CE-56EF-464F-B9F4-27413E63B1E3}.Release|Any CPU.Build.0 = Release|Any CPU
		{25B2B00F-DFE7-4279-AC4D-1C6B370529AB}.Debug|Any CPU.ActiveCfg = Debug|Any CPU
		{25B2B00F-DFE7-4279-AC4D-1C6B370529AB}.Debug|Any CPU.Build.0 = Debug|Any CPU
		{25B2B00F-DFE7-4279-AC4D-1C6B370529AB}.Release|Any CPU.ActiveCfg = Release|Any CPU
		{25B2B00F-DFE7-4279-AC4D-1C6B370529AB}.Release|Any CPU.Build.0 = Release|Any CPU
		{9E085DAB-756D-4B4F-91C9-8756904CC05F}.Debug|Any CPU.ActiveCfg = Debug|Any CPU
		{9E085DAB-756D-4B4F-91C9-8756904CC05F}.Debug|Any CPU.Build.0 = Debug|Any CPU
		{9E085DAB-756D-4B4F-91C9-8756904CC05F}.Release|Any CPU.ActiveCfg = Release|Any CPU
		{9E085DAB-756D-4B4F-91C9-8756904CC05F}.Release|Any CPU.Build.0 = Release|Any CPU
		{B59296FB-AFEA-431C-B452-70BBA0322B31}.Debug|Any CPU.ActiveCfg = Debug|Any CPU
		{B59296FB-AFEA-431C-B452-70BBA0322B31}.Debug|Any CPU.Build.0 = Debug|Any CPU
		{B59296FB-AFEA-431C-B452-70BBA0322B31}.Release|Any CPU.ActiveCfg = Release|Any CPU
		{B59296FB-AFEA-431C-B452-70BBA0322B31}.Release|Any CPU.Build.0 = Release|Any CPU
		{326F32C9-6728-4E6D-B85B-5DF4A62A642B}.Debug|Any CPU.ActiveCfg = Debug|Any CPU
		{326F32C9-6728-4E6D-B85B-5DF4A62A642B}.Debug|Any CPU.Build.0 = Debug|Any CPU
		{326F32C9-6728-4E6D-B85B-5DF4A62A642B}.Release|Any CPU.ActiveCfg = Release|Any CPU
		{326F32C9-6728-4E6D-B85B-5DF4A62A642B}.Release|Any CPU.Build.0 = Release|Any CPU
		{3EF5550E-F8D5-42A0-919F-3A900A80D40C}.Debug|Any CPU.ActiveCfg = Debug|Any CPU
		{3EF5550E-F8D5-42A0-919F-3A900A80D40C}.Debug|Any CPU.Build.0 = Debug|Any CPU
		{3EF5550E-F8D5-42A0-919F-3A900A80D40C}.Release|Any CPU.ActiveCfg = Release|Any CPU
		{3EF5550E-F8D5-42A0-919F-3A900A80D40C}.Release|Any CPU.Build.0 = Release|Any CPU
		{CDC31633-C47F-4D32-8856-F978748205E2}.Debug|Any CPU.ActiveCfg = Debug|Any CPU
		{CDC31633-C47F-4D32-8856-F978748205E2}.Debug|Any CPU.Build.0 = Debug|Any CPU
		{CDC31633-C47F-4D32-8856-F978748205E2}.Release|Any CPU.ActiveCfg = Release|Any CPU
		{CDC31633-C47F-4D32-8856-F978748205E2}.Release|Any CPU.Build.0 = Release|Any CPU
		{5E0DE768-437C-4935-847C-6F9E6215A454}.Debug|Any CPU.ActiveCfg = Debug|Any CPU
		{5E0DE768-437C-4935-847C-6F9E6215A454}.Debug|Any CPU.Build.0 = Debug|Any CPU
		{5E0DE768-437C-4935-847C-6F9E6215A454}.Release|Any CPU.ActiveCfg = Release|Any CPU
		{5E0DE768-437C-4935-847C-6F9E6215A454}.Release|Any CPU.Build.0 = Release|Any CPU
		{359CA0E8-5D49-42F6-A5CC-8E543FBED565}.Debug|Any CPU.ActiveCfg = Debug|Any CPU
		{359CA0E8-5D49-42F6-A5CC-8E543FBED565}.Debug|Any CPU.Build.0 = Debug|Any CPU
		{359CA0E8-5D49-42F6-A5CC-8E543FBED565}.Release|Any CPU.ActiveCfg = Release|Any CPU
		{359CA0E8-5D49-42F6-A5CC-8E543FBED565}.Release|Any CPU.Build.0 = Release|Any CPU
		{56C33007-4DC3-4751-A07D-11E49274F269}.Debug|Any CPU.ActiveCfg = Debug|Any CPU
		{56C33007-4DC3-4751-A07D-11E49274F269}.Debug|Any CPU.Build.0 = Debug|Any CPU
		{56C33007-4DC3-4751-A07D-11E49274F269}.Release|Any CPU.ActiveCfg = Release|Any CPU
		{56C33007-4DC3-4751-A07D-11E49274F269}.Release|Any CPU.Build.0 = Release|Any CPU
		{E008B80B-480D-452F-8A54-0468769D918A}.Debug|Any CPU.ActiveCfg = Debug|Any CPU
		{E008B80B-480D-452F-8A54-0468769D918A}.Debug|Any CPU.Build.0 = Debug|Any CPU
		{E008B80B-480D-452F-8A54-0468769D918A}.Release|Any CPU.ActiveCfg = Release|Any CPU
		{E008B80B-480D-452F-8A54-0468769D918A}.Release|Any CPU.Build.0 = Release|Any CPU
		{86C68010-55D0-4107-9624-E15DB3C32021}.Debug|Any CPU.ActiveCfg = Debug|Any CPU
		{86C68010-55D0-4107-9624-E15DB3C32021}.Debug|Any CPU.Build.0 = Debug|Any CPU
		{86C68010-55D0-4107-9624-E15DB3C32021}.Release|Any CPU.ActiveCfg = Release|Any CPU
		{86C68010-55D0-4107-9624-E15DB3C32021}.Release|Any CPU.Build.0 = Release|Any CPU
	EndGlobalSection
	GlobalSection(SolutionProperties) = preSolution
		HideSolutionNode = FALSE
	EndGlobalSection
	GlobalSection(NestedProjects) = preSolution
		{67343C2D-821A-4A8A-AD38-A109B5DBDDD0} = {95D2006E-D6F9-4D08-A967-724FB599FE96}
		{96586D7D-65B5-45CB-A45D-07D3022F7B31} = {95D2006E-D6F9-4D08-A967-724FB599FE96}
		{816FEEA2-0273-49EC-AA32-C6AB23A86A72} = {95D2006E-D6F9-4D08-A967-724FB599FE96}
		{51F78EFA-99F6-454C-A223-28A544E753FB} = {95D2006E-D6F9-4D08-A967-724FB599FE96}
		{1E33E1DB-8B7B-40A9-88D1-D23C458E0CBA} = {95D2006E-D6F9-4D08-A967-724FB599FE96}
		{8D79AA26-B355-4B5C-A88B-41983CE8E0B7} = {95D2006E-D6F9-4D08-A967-724FB599FE96}
		{FC81D21D-1BB1-4852-AEAC-32E8517BB04D} = {95D2006E-D6F9-4D08-A967-724FB599FE96}
		{B6B82D98-D1F9-432F-BA35-C2486C28113D} = {95D2006E-D6F9-4D08-A967-724FB599FE96}
		{3ABAFEE1-6C79-44B1-BD04-9D7AA5DECBF3} = {95D2006E-D6F9-4D08-A967-724FB599FE96}
		{B238FA38-3FD6-4DB2-B8BA-512DAED321A3} = {D46EE2B6-DE8A-4D6E-A8E9-4814960C89F2}
		{C3C87840-9F0F-46AD-9F7B-7874C871715F} = {BE2F07EA-0AE7-4A5D-84A3-8336C67A47F3}
		{F04B9553-4BA3-41C0-9D6F-AC007D191F6D} = {C3C87840-9F0F-46AD-9F7B-7874C871715F}
		{E00439C6-F590-4E07-834E-EF35D8C9CF17} = {BE2F07EA-0AE7-4A5D-84A3-8336C67A47F3}
		{EF3410E7-57DB-4687-AB2B-12E416238755} = {E00439C6-F590-4E07-834E-EF35D8C9CF17}
		{A8CA53A7-1E59-47C1-8D65-6A5EFE13CD6D} = {BE2F07EA-0AE7-4A5D-84A3-8336C67A47F3}
		{023A7D61-30B7-43B7-BBA2-0151BA374BE2} = {A8CA53A7-1E59-47C1-8D65-6A5EFE13CD6D}
		{3C889A1C-F4C9-4C87-AAC4-CDBC1F144EBA} = {BE2F07EA-0AE7-4A5D-84A3-8336C67A47F3}
		{AE82E8CC-B981-4570-B586-DCF0DDCEA2DE} = {3C889A1C-F4C9-4C87-AAC4-CDBC1F144EBA}
		{4FFF777A-EBB2-4A57-8E21-826C9C4CBD83} = {BE2F07EA-0AE7-4A5D-84A3-8336C67A47F3}
		{17608676-04EF-458A-ADD3-0B0CA1E03F5D} = {BE2F07EA-0AE7-4A5D-84A3-8336C67A47F3}
		{EBFD3406-1E41-4D65-9F31-BF49516FE2B1} = {17608676-04EF-458A-ADD3-0B0CA1E03F5D}
		{FD8F6B71-C5A3-4360-905C-52730D2AFED7} = {03132031-4EC9-47FE-8C79-E615B3B37817}
		{2DBA098A-22F5-4AE1-9CDD-0E7B37971093} = {FD8F6B71-C5A3-4360-905C-52730D2AFED7}
		{9CE2B69F-D2DB-40B9-8D7E-D8F1BC8FA11E} = {FD8F6B71-C5A3-4360-905C-52730D2AFED7}
		{CD000DB6-7C4A-4B5C-A175-5F6AA9940B04} = {03132031-4EC9-47FE-8C79-E615B3B37817}
		{8C4F5A28-4B4F-48BA-ABFC-248FFAA46656} = {CD000DB6-7C4A-4B5C-A175-5F6AA9940B04}
		{9F6B2929-E31C-475F-A042-5E29F1A55254} = {03132031-4EC9-47FE-8C79-E615B3B37817}
		{2FADA0CE-56EF-464F-B9F4-27413E63B1E3} = {F35BC1DF-4496-48EE-BFDF-E0B7B5016BEF}
		{25B2B00F-DFE7-4279-AC4D-1C6B370529AB} = {F35BC1DF-4496-48EE-BFDF-E0B7B5016BEF}
		{9E085DAB-756D-4B4F-91C9-8756904CC05F} = {9F6B2929-E31C-475F-A042-5E29F1A55254}
		{B59296FB-AFEA-431C-B452-70BBA0322B31} = {F35BC1DF-4496-48EE-BFDF-E0B7B5016BEF}
		{326F32C9-6728-4E6D-B85B-5DF4A62A642B} = {F35BC1DF-4496-48EE-BFDF-E0B7B5016BEF}
		{3EF5550E-F8D5-42A0-919F-3A900A80D40C} = {F35BC1DF-4496-48EE-BFDF-E0B7B5016BEF}
		{CDC31633-C47F-4D32-8856-F978748205E2} = {F35BC1DF-4496-48EE-BFDF-E0B7B5016BEF}
		{5E0DE768-437C-4935-847C-6F9E6215A454} = {F35BC1DF-4496-48EE-BFDF-E0B7B5016BEF}
		{359CA0E8-5D49-42F6-A5CC-8E543FBED565} = {F35BC1DF-4496-48EE-BFDF-E0B7B5016BEF}
		{56C33007-4DC3-4751-A07D-11E49274F269} = {54FF962B-B364-4419-A155-1925E8E7B02E}
		{E008B80B-480D-452F-8A54-0468769D918A} = {54FF962B-B364-4419-A155-1925E8E7B02E}
		{86C68010-55D0-4107-9624-E15DB3C32021} = {54FF962B-B364-4419-A155-1925E8E7B02E}
	EndGlobalSection
	GlobalSection(ExtensibilityGlobals) = postSolution
		SolutionGuid = {16266BCE-9A85-4093-9017-89C782638F29}
	EndGlobalSection
EndGlobal
